
Microsoft Visual Studio Solution File, Format Version 12.00
# Visual Studio 14
VisualStudioVersion = 14.0.25420.1
MinimumVisualStudioVersion = 10.0.40219.1
Project("{FAE04EC0-301F-11D3-BF4B-00C04F79EFBC}") = "XamarinFormsPerformance", "XamarinFormsPerformance\XamarinFormsPerformance\XamarinFormsPerformance.csproj", "{6A578A5A-4FF2-46A4-B6BE-4986FF9E6557}"
EndProject
Project("{FAE04EC0-301F-11D3-BF4B-00C04F79EFBC}") = "XamarinFormsPerformance.Droid", "XamarinFormsPerformance\XamarinFormsPerformance.Droid\XamarinFormsPerformance.Droid.csproj", "{1C73C483-CEBD-4B87-9B11-A354F0E76987}"
EndProject
Project("{FAE04EC0-301F-11D3-BF4B-00C04F79EFBC}") = "XamarinFormsPerformance.iOS", "XamarinFormsPerformance\XamarinFormsPerformance.iOS\XamarinFormsPerformance.iOS.csproj", "{5957A81B-20A4-44F3-885C-29C36668C4BC}"
EndProject
Project("{FAE04EC0-301F-11D3-BF4B-00C04F79EFBC}") = "XamarinFormsPerformance.WinPhone", "XamarinFormsPerformance\XamarinFormsPerformance.WinPhone\XamarinFormsPerformance.WinPhone.csproj", "{33255D57-FD40-4819-B2EC-9FB23EED3E66}"
EndProject
Project("{FAE04EC0-301F-11D3-BF4B-00C04F79EFBC}") = "XamarinFormsPerformance.UWP", "XamarinFormsPerformance\XamarinFormsPerformance.UWP\XamarinFormsPerformance.UWP.csproj", "{5198F367-DD06-4485-8EFB-E78CF515972E}"
EndProject
Project("{FAE04EC0-301F-11D3-BF4B-00C04F79EFBC}") = "XamarinFormsPerformance.Windows", "XamarinFormsPerformance\XamarinFormsPerformance.Windows\XamarinFormsPerformance.Windows.csproj", "{BC6439FD-99BA-408D-BA8E-853C5A9506EE}"
EndProject
Global
	GlobalSection(SolutionConfigurationPlatforms) = preSolution
		Ad-Hoc|Any CPU = Ad-Hoc|Any CPU
		Ad-Hoc|ARM = Ad-Hoc|ARM
		Ad-Hoc|iPhone = Ad-Hoc|iPhone
		Ad-Hoc|iPhoneSimulator = Ad-Hoc|iPhoneSimulator
		Ad-Hoc|x64 = Ad-Hoc|x64
		Ad-Hoc|x86 = Ad-Hoc|x86
		AppStore|Any CPU = AppStore|Any CPU
		AppStore|ARM = AppStore|ARM
		AppStore|iPhone = AppStore|iPhone
		AppStore|iPhoneSimulator = AppStore|iPhoneSimulator
		AppStore|x64 = AppStore|x64
		AppStore|x86 = AppStore|x86
		Debug|Any CPU = Debug|Any CPU
		Debug|ARM = Debug|ARM
		Debug|iPhone = Debug|iPhone
		Debug|iPhoneSimulator = Debug|iPhoneSimulator
		Debug|x64 = Debug|x64
		Debug|x86 = Debug|x86
		Release|Any CPU = Release|Any CPU
		Release|ARM = Release|ARM
		Release|iPhone = Release|iPhone
		Release|iPhoneSimulator = Release|iPhoneSimulator
		Release|x64 = Release|x64
		Release|x86 = Release|x86
	EndGlobalSection
	GlobalSection(ProjectConfigurationPlatforms) = postSolution
		{6A578A5A-4FF2-46A4-B6BE-4986FF9E6557}.Ad-Hoc|Any CPU.ActiveCfg = Release|Any CPU
		{6A578A5A-4FF2-46A4-B6BE-4986FF9E6557}.Ad-Hoc|Any CPU.Build.0 = Release|Any CPU
		{6A578A5A-4FF2-46A4-B6BE-4986FF9E6557}.Ad-Hoc|ARM.ActiveCfg = Release|Any CPU
		{6A578A5A-4FF2-46A4-B6BE-4986FF9E6557}.Ad-Hoc|ARM.Build.0 = Release|Any CPU
		{6A578A5A-4FF2-46A4-B6BE-4986FF9E6557}.Ad-Hoc|iPhone.ActiveCfg = Release|Any CPU
		{6A578A5A-4FF2-46A4-B6BE-4986FF9E6557}.Ad-Hoc|iPhone.Build.0 = Release|Any CPU
		{6A578A5A-4FF2-46A4-B6BE-4986FF9E6557}.Ad-Hoc|iPhoneSimulator.ActiveCfg = Release|Any CPU
		{6A578A5A-4FF2-46A4-B6BE-4986FF9E6557}.Ad-Hoc|iPhoneSimulator.Build.0 = Release|Any CPU
		{6A578A5A-4FF2-46A4-B6BE-4986FF9E6557}.Ad-Hoc|x64.ActiveCfg = Release|Any CPU
		{6A578A5A-4FF2-46A4-B6BE-4986FF9E6557}.Ad-Hoc|x64.Build.0 = Release|Any CPU
		{6A578A5A-4FF2-46A4-B6BE-4986FF9E6557}.Ad-Hoc|x86.ActiveCfg = Release|Any CPU
		{6A578A5A-4FF2-46A4-B6BE-4986FF9E6557}.Ad-Hoc|x86.Build.0 = Release|Any CPU
		{6A578A5A-4FF2-46A4-B6BE-4986FF9E6557}.AppStore|Any CPU.ActiveCfg = Release|Any CPU
		{6A578A5A-4FF2-46A4-B6BE-4986FF9E6557}.AppStore|Any CPU.Build.0 = Release|Any CPU
		{6A578A5A-4FF2-46A4-B6BE-4986FF9E6557}.AppStore|ARM.ActiveCfg = Release|Any CPU
		{6A578A5A-4FF2-46A4-B6BE-4986FF9E6557}.AppStore|ARM.Build.0 = Release|Any CPU
		{6A578A5A-4FF2-46A4-B6BE-4986FF9E6557}.AppStore|iPhone.ActiveCfg = Release|Any CPU
		{6A578A5A-4FF2-46A4-B6BE-4986FF9E6557}.AppStore|iPhone.Build.0 = Release|Any CPU
		{6A578A5A-4FF2-46A4-B6BE-4986FF9E6557}.AppStore|iPhoneSimulator.ActiveCfg = Release|Any CPU
		{6A578A5A-4FF2-46A4-B6BE-4986FF9E6557}.AppStore|iPhoneSimulator.Build.0 = Release|Any CPU
		{6A578A5A-4FF2-46A4-B6BE-4986FF9E6557}.AppStore|x64.ActiveCfg = Release|Any CPU
		{6A578A5A-4FF2-46A4-B6BE-4986FF9E6557}.AppStore|x64.Build.0 = Release|Any CPU
		{6A578A5A-4FF2-46A4-B6BE-4986FF9E6557}.AppStore|x86.ActiveCfg = Release|Any CPU
		{6A578A5A-4FF2-46A4-B6BE-4986FF9E6557}.AppStore|x86.Build.0 = Release|Any CPU
		{6A578A5A-4FF2-46A4-B6BE-4986FF9E6557}.Debug|Any CPU.ActiveCfg = Debug|Any CPU
		{6A578A5A-4FF2-46A4-B6BE-4986FF9E6557}.Debug|Any CPU.Build.0 = Debug|Any CPU
		{6A578A5A-4FF2-46A4-B6BE-4986FF9E6557}.Debug|ARM.ActiveCfg = Debug|Any CPU
		{6A578A5A-4FF2-46A4-B6BE-4986FF9E6557}.Debug|ARM.Build.0 = Debug|Any CPU
		{6A578A5A-4FF2-46A4-B6BE-4986FF9E6557}.Debug|iPhone.ActiveCfg = Debug|Any CPU
		{6A578A5A-4FF2-46A4-B6BE-4986FF9E6557}.Debug|iPhone.Build.0 = Debug|Any CPU
		{6A578A5A-4FF2-46A4-B6BE-4986FF9E6557}.Debug|iPhoneSimulator.ActiveCfg = Debug|Any CPU
		{6A578A5A-4FF2-46A4-B6BE-4986FF9E6557}.Debug|iPhoneSimulator.Build.0 = Debug|Any CPU
		{6A578A5A-4FF2-46A4-B6BE-4986FF9E6557}.Debug|x64.ActiveCfg = Debug|Any CPU
		{6A578A5A-4FF2-46A4-B6BE-4986FF9E6557}.Debug|x64.Build.0 = Debug|Any CPU
		{6A578A5A-4FF2-46A4-B6BE-4986FF9E6557}.Debug|x86.ActiveCfg = Debug|Any CPU
		{6A578A5A-4FF2-46A4-B6BE-4986FF9E6557}.Debug|x86.Build.0 = Debug|Any CPU
		{6A578A5A-4FF2-46A4-B6BE-4986FF9E6557}.Release|Any CPU.ActiveCfg = Release|Any CPU
		{6A578A5A-4FF2-46A4-B6BE-4986FF9E6557}.Release|Any CPU.Build.0 = Release|Any CPU
		{6A578A5A-4FF2-46A4-B6BE-4986FF9E6557}.Release|ARM.ActiveCfg = Release|Any CPU
		{6A578A5A-4FF2-46A4-B6BE-4986FF9E6557}.Release|ARM.Build.0 = Release|Any CPU
		{6A578A5A-4FF2-46A4-B6BE-4986FF9E6557}.Release|iPhone.ActiveCfg = Release|Any CPU
		{6A578A5A-4FF2-46A4-B6BE-4986FF9E6557}.Release|iPhone.Build.0 = Release|Any CPU
		{6A578A5A-4FF2-46A4-B6BE-4986FF9E6557}.Release|iPhoneSimulator.ActiveCfg = Release|Any CPU
		{6A578A5A-4FF2-46A4-B6BE-4986FF9E6557}.Release|iPhoneSimulator.Build.0 = Release|Any CPU
		{6A578A5A-4FF2-46A4-B6BE-4986FF9E6557}.Release|x64.ActiveCfg = Release|Any CPU
		{6A578A5A-4FF2-46A4-B6BE-4986FF9E6557}.Release|x64.Build.0 = Release|Any CPU
		{6A578A5A-4FF2-46A4-B6BE-4986FF9E6557}.Release|x86.ActiveCfg = Release|Any CPU
		{6A578A5A-4FF2-46A4-B6BE-4986FF9E6557}.Release|x86.Build.0 = Release|Any CPU
		{1C73C483-CEBD-4B87-9B11-A354F0E76987}.Ad-Hoc|Any CPU.ActiveCfg = Release|Any CPU
		{1C73C483-CEBD-4B87-9B11-A354F0E76987}.Ad-Hoc|Any CPU.Build.0 = Release|Any CPU
		{1C73C483-CEBD-4B87-9B11-A354F0E76987}.Ad-Hoc|Any CPU.Deploy.0 = Release|Any CPU
		{1C73C483-CEBD-4B87-9B11-A354F0E76987}.Ad-Hoc|ARM.ActiveCfg = Release|Any CPU
		{1C73C483-CEBD-4B87-9B11-A354F0E76987}.Ad-Hoc|ARM.Build.0 = Release|Any CPU
		{1C73C483-CEBD-4B87-9B11-A354F0E76987}.Ad-Hoc|ARM.Deploy.0 = Release|Any CPU
		{1C73C483-CEBD-4B87-9B11-A354F0E76987}.Ad-Hoc|iPhone.ActiveCfg = Release|Any CPU
		{1C73C483-CEBD-4B87-9B11-A354F0E76987}.Ad-Hoc|iPhone.Build.0 = Release|Any CPU
		{1C73C483-CEBD-4B87-9B11-A354F0E76987}.Ad-Hoc|iPhone.Deploy.0 = Release|Any CPU
		{1C73C483-CEBD-4B87-9B11-A354F0E76987}.Ad-Hoc|iPhoneSimulator.ActiveCfg = Release|Any CPU
		{1C73C483-CEBD-4B87-9B11-A354F0E76987}.Ad-Hoc|iPhoneSimulator.Build.0 = Release|Any CPU
		{1C73C483-CEBD-4B87-9B11-A354F0E76987}.Ad-Hoc|iPhoneSimulator.Deploy.0 = Release|Any CPU
		{1C73C483-CEBD-4B87-9B11-A354F0E76987}.Ad-Hoc|x64.ActiveCfg = Release|Any CPU
		{1C73C483-CEBD-4B87-9B11-A354F0E76987}.Ad-Hoc|x64.Build.0 = Release|Any CPU
		{1C73C483-CEBD-4B87-9B11-A354F0E76987}.Ad-Hoc|x64.Deploy.0 = Release|Any CPU
		{1C73C483-CEBD-4B87-9B11-A354F0E76987}.Ad-Hoc|x86.ActiveCfg = Release|Any CPU
		{1C73C483-CEBD-4B87-9B11-A354F0E76987}.Ad-Hoc|x86.Build.0 = Release|Any CPU
		{1C73C483-CEBD-4B87-9B11-A354F0E76987}.Ad-Hoc|x86.Deploy.0 = Release|Any CPU
		{1C73C483-CEBD-4B87-9B11-A354F0E76987}.AppStore|Any CPU.ActiveCfg = Release|Any CPU
		{1C73C483-CEBD-4B87-9B11-A354F0E76987}.AppStore|Any CPU.Build.0 = Release|Any CPU
		{1C73C483-CEBD-4B87-9B11-A354F0E76987}.AppStore|Any CPU.Deploy.0 = Release|Any CPU
		{1C73C483-CEBD-4B87-9B11-A354F0E76987}.AppStore|ARM.ActiveCfg = Release|Any CPU
		{1C73C483-CEBD-4B87-9B11-A354F0E76987}.AppStore|ARM.Build.0 = Release|Any CPU
		{1C73C483-CEBD-4B87-9B11-A354F0E76987}.AppStore|ARM.Deploy.0 = Release|Any CPU
		{1C73C483-CEBD-4B87-9B11-A354F0E76987}.AppStore|iPhone.ActiveCfg = Release|Any CPU
		{1C73C483-CEBD-4B87-9B11-A354F0E76987}.AppStore|iPhone.Build.0 = Release|Any CPU
		{1C73C483-CEBD-4B87-9B11-A354F0E76987}.AppStore|iPhone.Deploy.0 = Release|Any CPU
		{1C73C483-CEBD-4B87-9B11-A354F0E76987}.AppStore|iPhoneSimulator.ActiveCfg = Release|Any CPU
		{1C73C483-CEBD-4B87-9B11-A354F0E76987}.AppStore|iPhoneSimulator.Build.0 = Release|Any CPU
		{1C73C483-CEBD-4B87-9B11-A354F0E76987}.AppStore|iPhoneSimulator.Deploy.0 = Release|Any CPU
		{1C73C483-CEBD-4B87-9B11-A354F0E76987}.AppStore|x64.ActiveCfg = Release|Any CPU
		{1C73C483-CEBD-4B87-9B11-A354F0E76987}.AppStore|x64.Build.0 = Release|Any CPU
		{1C73C483-CEBD-4B87-9B11-A354F0E76987}.AppStore|x64.Deploy.0 = Release|Any CPU
		{1C73C483-CEBD-4B87-9B11-A354F0E76987}.AppStore|x86.ActiveCfg = Release|Any CPU
		{1C73C483-CEBD-4B87-9B11-A354F0E76987}.AppStore|x86.Build.0 = Release|Any CPU
		{1C73C483-CEBD-4B87-9B11-A354F0E76987}.AppStore|x86.Deploy.0 = Release|Any CPU
		{1C73C483-CEBD-4B87-9B11-A354F0E76987}.Debug|Any CPU.ActiveCfg = Debug|Any CPU
		{1C73C483-CEBD-4B87-9B11-A354F0E76987}.Debug|Any CPU.Build.0 = Debug|Any CPU
		{1C73C483-CEBD-4B87-9B11-A354F0E76987}.Debug|Any CPU.Deploy.0 = Debug|Any CPU
		{1C73C483-CEBD-4B87-9B11-A354F0E76987}.Debug|ARM.ActiveCfg = Debug|Any CPU
		{1C73C483-CEBD-4B87-9B11-A354F0E76987}.Debug|ARM.Build.0 = Debug|Any CPU
		{1C73C483-CEBD-4B87-9B11-A354F0E76987}.Debug|ARM.Deploy.0 = Debug|Any CPU
		{1C73C483-CEBD-4B87-9B11-A354F0E76987}.Debug|iPhone.ActiveCfg = Debug|Any CPU
		{1C73C483-CEBD-4B87-9B11-A354F0E76987}.Debug|iPhone.Build.0 = Debug|Any CPU
		{1C73C483-CEBD-4B87-9B11-A354F0E76987}.Debug|iPhone.Deploy.0 = Debug|Any CPU
		{1C73C483-CEBD-4B87-9B11-A354F0E76987}.Debug|iPhoneSimulator.ActiveCfg = Debug|Any CPU
		{1C73C483-CEBD-4B87-9B11-A354F0E76987}.Debug|iPhoneSimulator.Build.0 = Debug|Any CPU
		{1C73C483-CEBD-4B87-9B11-A354F0E76987}.Debug|iPhoneSimulator.Deploy.0 = Debug|Any CPU
		{1C73C483-CEBD-4B87-9B11-A354F0E76987}.Debug|x64.ActiveCfg = Debug|Any CPU
		{1C73C483-CEBD-4B87-9B11-A354F0E76987}.Debug|x64.Build.0 = Debug|Any CPU
		{1C73C483-CEBD-4B87-9B11-A354F0E76987}.Debug|x64.Deploy.0 = Debug|Any CPU
		{1C73C483-CEBD-4B87-9B11-A354F0E76987}.Debug|x86.ActiveCfg = Debug|Any CPU
		{1C73C483-CEBD-4B87-9B11-A354F0E76987}.Debug|x86.Build.0 = Debug|Any CPU
		{1C73C483-CEBD-4B87-9B11-A354F0E76987}.Debug|x86.Deploy.0 = Debug|Any CPU
		{1C73C483-CEBD-4B87-9B11-A354F0E76987}.Release|Any CPU.ActiveCfg = Release|Any CPU
		{1C73C483-CEBD-4B87-9B11-A354F0E76987}.Release|Any CPU.Build.0 = Release|Any CPU
		{1C73C483-CEBD-4B87-9B11-A354F0E76987}.Release|Any CPU.Deploy.0 = Release|Any CPU
		{1C73C483-CEBD-4B87-9B11-A354F0E76987}.Release|ARM.ActiveCfg = Release|Any CPU
		{1C73C483-CEBD-4B87-9B11-A354F0E76987}.Release|ARM.Build.0 = Release|Any CPU
		{1C73C483-CEBD-4B87-9B11-A354F0E76987}.Release|ARM.Deploy.0 = Release|Any CPU
		{1C73C483-CEBD-4B87-9B11-A354F0E76987}.Release|iPhone.ActiveCfg = Release|Any CPU
		{1C73C483-CEBD-4B87-9B11-A354F0E76987}.Release|iPhone.Build.0 = Release|Any CPU
		{1C73C483-CEBD-4B87-9B11-A354F0E76987}.Release|iPhone.Deploy.0 = Release|Any CPU
		{1C73C483-CEBD-4B87-9B11-A354F0E76987}.Release|iPhoneSimulator.ActiveCfg = Release|Any CPU
		{1C73C483-CEBD-4B87-9B11-A354F0E76987}.Release|iPhoneSimulator.Build.0 = Release|Any CPU
		{1C73C483-CEBD-4B87-9B11-A354F0E76987}.Release|iPhoneSimulator.Deploy.0 = Release|Any CPU
		{1C73C483-CEBD-4B87-9B11-A354F0E76987}.Release|x64.ActiveCfg = Release|Any CPU
		{1C73C483-CEBD-4B87-9B11-A354F0E76987}.Release|x64.Build.0 = Release|Any CPU
		{1C73C483-CEBD-4B87-9B11-A354F0E76987}.Release|x64.Deploy.0 = Release|Any CPU
		{1C73C483-CEBD-4B87-9B11-A354F0E76987}.Release|x86.ActiveCfg = Release|Any CPU
		{1C73C483-CEBD-4B87-9B11-A354F0E76987}.Release|x86.Build.0 = Release|Any CPU
		{1C73C483-CEBD-4B87-9B11-A354F0E76987}.Release|x86.Deploy.0 = Release|Any CPU
		{5957A81B-20A4-44F3-885C-29C36668C4BC}.Ad-Hoc|Any CPU.ActiveCfg = Ad-Hoc|iPhone
		{5957A81B-20A4-44F3-885C-29C36668C4BC}.Ad-Hoc|ARM.ActiveCfg = Ad-Hoc|iPhone
		{5957A81B-20A4-44F3-885C-29C36668C4BC}.Ad-Hoc|iPhone.ActiveCfg = Ad-Hoc|iPhone
		{5957A81B-20A4-44F3-885C-29C36668C4BC}.Ad-Hoc|iPhone.Build.0 = Ad-Hoc|iPhone
		{5957A81B-20A4-44F3-885C-29C36668C4BC}.Ad-Hoc|iPhoneSimulator.ActiveCfg = Ad-Hoc|iPhoneSimulator
		{5957A81B-20A4-44F3-885C-29C36668C4BC}.Ad-Hoc|iPhoneSimulator.Build.0 = Ad-Hoc|iPhoneSimulator
		{5957A81B-20A4-44F3-885C-29C36668C4BC}.Ad-Hoc|x64.ActiveCfg = Ad-Hoc|iPhone
		{5957A81B-20A4-44F3-885C-29C36668C4BC}.Ad-Hoc|x86.ActiveCfg = Ad-Hoc|iPhone
		{5957A81B-20A4-44F3-885C-29C36668C4BC}.AppStore|Any CPU.ActiveCfg = AppStore|iPhone
		{5957A81B-20A4-44F3-885C-29C36668C4BC}.AppStore|ARM.ActiveCfg = AppStore|iPhone
		{5957A81B-20A4-44F3-885C-29C36668C4BC}.AppStore|iPhone.ActiveCfg = AppStore|iPhone
		{5957A81B-20A4-44F3-885C-29C36668C4BC}.AppStore|iPhone.Build.0 = AppStore|iPhone
		{5957A81B-20A4-44F3-885C-29C36668C4BC}.AppStore|iPhoneSimulator.ActiveCfg = AppStore|iPhoneSimulator
		{5957A81B-20A4-44F3-885C-29C36668C4BC}.AppStore|iPhoneSimulator.Build.0 = AppStore|iPhoneSimulator
		{5957A81B-20A4-44F3-885C-29C36668C4BC}.AppStore|x64.ActiveCfg = AppStore|iPhone
		{5957A81B-20A4-44F3-885C-29C36668C4BC}.AppStore|x86.ActiveCfg = AppStore|iPhone
		{5957A81B-20A4-44F3-885C-29C36668C4BC}.Debug|Any CPU.ActiveCfg = Debug|iPhone
		{5957A81B-20A4-44F3-885C-29C36668C4BC}.Debug|ARM.ActiveCfg = Debug|iPhone
		{5957A81B-20A4-44F3-885C-29C36668C4BC}.Debug|iPhone.ActiveCfg = Debug|iPhone
		{5957A81B-20A4-44F3-885C-29C36668C4BC}.Debug|iPhone.Build.0 = Debug|iPhone
		{5957A81B-20A4-44F3-885C-29C36668C4BC}.Debug|iPhoneSimulator.ActiveCfg = Debug|iPhoneSimulator
		{5957A81B-20A4-44F3-885C-29C36668C4BC}.Debug|iPhoneSimulator.Build.0 = Debug|iPhoneSimulator
		{5957A81B-20A4-44F3-885C-29C36668C4BC}.Debug|x64.ActiveCfg = Debug|iPhone
		{5957A81B-20A4-44F3-885C-29C36668C4BC}.Debug|x86.ActiveCfg = Debug|iPhone
		{5957A81B-20A4-44F3-885C-29C36668C4BC}.Release|Any CPU.ActiveCfg = Release|iPhone
		{5957A81B-20A4-44F3-885C-29C36668C4BC}.Release|ARM.ActiveCfg = Release|iPhone
		{5957A81B-20A4-44F3-885C-29C36668C4BC}.Release|iPhone.ActiveCfg = Release|iPhone
		{5957A81B-20A4-44F3-885C-29C36668C4BC}.Release|iPhone.Build.0 = Release|iPhone
		{5957A81B-20A4-44F3-885C-29C36668C4BC}.Release|iPhoneSimulator.ActiveCfg = Release|iPhoneSimulator
		{5957A81B-20A4-44F3-885C-29C36668C4BC}.Release|iPhoneSimulator.Build.0 = Release|iPhoneSimulator
		{5957A81B-20A4-44F3-885C-29C36668C4BC}.Release|x64.ActiveCfg = Release|iPhone
		{5957A81B-20A4-44F3-885C-29C36668C4BC}.Release|x86.ActiveCfg = Release|iPhone
		{33255D57-FD40-4819-B2EC-9FB23EED3E66}.Ad-Hoc|Any CPU.ActiveCfg = Release|Any CPU
		{33255D57-FD40-4819-B2EC-9FB23EED3E66}.Ad-Hoc|Any CPU.Build.0 = Release|Any CPU
		{33255D57-FD40-4819-B2EC-9FB23EED3E66}.Ad-Hoc|Any CPU.Deploy.0 = Release|Any CPU
		{33255D57-FD40-4819-B2EC-9FB23EED3E66}.Ad-Hoc|ARM.ActiveCfg = Release|ARM
		{33255D57-FD40-4819-B2EC-9FB23EED3E66}.Ad-Hoc|ARM.Build.0 = Release|ARM
		{33255D57-FD40-4819-B2EC-9FB23EED3E66}.Ad-Hoc|ARM.Deploy.0 = Release|ARM
		{33255D57-FD40-4819-B2EC-9FB23EED3E66}.Ad-Hoc|iPhone.ActiveCfg = Release|Any CPU
		{33255D57-FD40-4819-B2EC-9FB23EED3E66}.Ad-Hoc|iPhone.Build.0 = Release|Any CPU
		{33255D57-FD40-4819-B2EC-9FB23EED3E66}.Ad-Hoc|iPhone.Deploy.0 = Release|Any CPU
		{33255D57-FD40-4819-B2EC-9FB23EED3E66}.Ad-Hoc|iPhoneSimulator.ActiveCfg = Release|Any CPU
		{33255D57-FD40-4819-B2EC-9FB23EED3E66}.Ad-Hoc|iPhoneSimulator.Build.0 = Release|Any CPU
		{33255D57-FD40-4819-B2EC-9FB23EED3E66}.Ad-Hoc|iPhoneSimulator.Deploy.0 = Release|Any CPU
		{33255D57-FD40-4819-B2EC-9FB23EED3E66}.Ad-Hoc|x64.ActiveCfg = Release|Any CPU
		{33255D57-FD40-4819-B2EC-9FB23EED3E66}.Ad-Hoc|x64.Build.0 = Release|Any CPU
		{33255D57-FD40-4819-B2EC-9FB23EED3E66}.Ad-Hoc|x64.Deploy.0 = Release|Any CPU
		{33255D57-FD40-4819-B2EC-9FB23EED3E66}.Ad-Hoc|x86.ActiveCfg = Release|x86
		{33255D57-FD40-4819-B2EC-9FB23EED3E66}.Ad-Hoc|x86.Build.0 = Release|x86
		{33255D57-FD40-4819-B2EC-9FB23EED3E66}.Ad-Hoc|x86.Deploy.0 = Release|x86
		{33255D57-FD40-4819-B2EC-9FB23EED3E66}.AppStore|Any CPU.ActiveCfg = Release|Any CPU
		{33255D57-FD40-4819-B2EC-9FB23EED3E66}.AppStore|Any CPU.Build.0 = Release|Any CPU
		{33255D57-FD40-4819-B2EC-9FB23EED3E66}.AppStore|Any CPU.Deploy.0 = Release|Any CPU
		{33255D57-FD40-4819-B2EC-9FB23EED3E66}.AppStore|ARM.ActiveCfg = Release|ARM
		{33255D57-FD40-4819-B2EC-9FB23EED3E66}.AppStore|ARM.Build.0 = Release|ARM
		{33255D57-FD40-4819-B2EC-9FB23EED3E66}.AppStore|ARM.Deploy.0 = Release|ARM
		{33255D57-FD40-4819-B2EC-9FB23EED3E66}.AppStore|iPhone.ActiveCfg = Release|Any CPU
		{33255D57-FD40-4819-B2EC-9FB23EED3E66}.AppStore|iPhone.Build.0 = Release|Any CPU
		{33255D57-FD40-4819-B2EC-9FB23EED3E66}.AppStore|iPhone.Deploy.0 = Release|Any CPU
		{33255D57-FD40-4819-B2EC-9FB23EED3E66}.AppStore|iPhoneSimulator.ActiveCfg = Release|Any CPU
		{33255D57-FD40-4819-B2EC-9FB23EED3E66}.AppStore|iPhoneSimulator.Build.0 = Release|Any CPU
		{33255D57-FD40-4819-B2EC-9FB23EED3E66}.AppStore|iPhoneSimulator.Deploy.0 = Release|Any CPU
		{33255D57-FD40-4819-B2EC-9FB23EED3E66}.AppStore|x64.ActiveCfg = Release|Any CPU
		{33255D57-FD40-4819-B2EC-9FB23EED3E66}.AppStore|x64.Build.0 = Release|Any CPU
		{33255D57-FD40-4819-B2EC-9FB23EED3E66}.AppStore|x64.Deploy.0 = Release|Any CPU
		{33255D57-FD40-4819-B2EC-9FB23EED3E66}.AppStore|x86.ActiveCfg = Release|x86
		{33255D57-FD40-4819-B2EC-9FB23EED3E66}.AppStore|x86.Build.0 = Release|x86
		{33255D57-FD40-4819-B2EC-9FB23EED3E66}.AppStore|x86.Deploy.0 = Release|x86
		{33255D57-FD40-4819-B2EC-9FB23EED3E66}.Debug|Any CPU.ActiveCfg = Debug|Any CPU
		{33255D57-FD40-4819-B2EC-9FB23EED3E66}.Debug|Any CPU.Build.0 = Debug|Any CPU
		{33255D57-FD40-4819-B2EC-9FB23EED3E66}.Debug|Any CPU.Deploy.0 = Debug|Any CPU
		{33255D57-FD40-4819-B2EC-9FB23EED3E66}.Debug|ARM.ActiveCfg = Debug|ARM
		{33255D57-FD40-4819-B2EC-9FB23EED3E66}.Debug|ARM.Build.0 = Debug|ARM
		{33255D57-FD40-4819-B2EC-9FB23EED3E66}.Debug|ARM.Deploy.0 = Debug|ARM
		{33255D57-FD40-4819-B2EC-9FB23EED3E66}.Debug|iPhone.ActiveCfg = Debug|Any CPU
		{33255D57-FD40-4819-B2EC-9FB23EED3E66}.Debug|iPhone.Build.0 = Debug|Any CPU
		{33255D57-FD40-4819-B2EC-9FB23EED3E66}.Debug|iPhone.Deploy.0 = Debug|Any CPU
		{33255D57-FD40-4819-B2EC-9FB23EED3E66}.Debug|iPhoneSimulator.ActiveCfg = Debug|Any CPU
		{33255D57-FD40-4819-B2EC-9FB23EED3E66}.Debug|iPhoneSimulator.Build.0 = Debug|Any CPU
		{33255D57-FD40-4819-B2EC-9FB23EED3E66}.Debug|iPhoneSimulator.Deploy.0 = Debug|Any CPU
		{33255D57-FD40-4819-B2EC-9FB23EED3E66}.Debug|x64.ActiveCfg = Debug|Any CPU
		{33255D57-FD40-4819-B2EC-9FB23EED3E66}.Debug|x64.Build.0 = Debug|Any CPU
		{33255D57-FD40-4819-B2EC-9FB23EED3E66}.Debug|x64.Deploy.0 = Debug|Any CPU
		{33255D57-FD40-4819-B2EC-9FB23EED3E66}.Debug|x86.ActiveCfg = Debug|x86
		{33255D57-FD40-4819-B2EC-9FB23EED3E66}.Debug|x86.Build.0 = Debug|x86
		{33255D57-FD40-4819-B2EC-9FB23EED3E66}.Debug|x86.Deploy.0 = Debug|x86
		{33255D57-FD40-4819-B2EC-9FB23EED3E66}.Release|Any CPU.ActiveCfg = Release|Any CPU
		{33255D57-FD40-4819-B2EC-9FB23EED3E66}.Release|Any CPU.Build.0 = Release|Any CPU
		{33255D57-FD40-4819-B2EC-9FB23EED3E66}.Release|Any CPU.Deploy.0 = Release|Any CPU
		{33255D57-FD40-4819-B2EC-9FB23EED3E66}.Release|ARM.ActiveCfg = Release|ARM
		{33255D57-FD40-4819-B2EC-9FB23EED3E66}.Release|ARM.Build.0 = Release|ARM
		{33255D57-FD40-4819-B2EC-9FB23EED3E66}.Release|ARM.Deploy.0 = Release|ARM
		{33255D57-FD40-4819-B2EC-9FB23EED3E66}.Release|iPhone.ActiveCfg = Release|Any CPU
		{33255D57-FD40-4819-B2EC-9FB23EED3E66}.Release|iPhone.Build.0 = Release|Any CPU
		{33255D57-FD40-4819-B2EC-9FB23EED3E66}.Release|iPhone.Deploy.0 = Release|Any CPU
		{33255D57-FD40-4819-B2EC-9FB23EED3E66}.Release|iPhoneSimulator.ActiveCfg = Release|Any CPU
		{33255D57-FD40-4819-B2EC-9FB23EED3E66}.Release|iPhoneSimulator.Build.0 = Release|Any CPU
		{33255D57-FD40-4819-B2EC-9FB23EED3E66}.Release|iPhoneSimulator.Deploy.0 = Release|Any CPU
		{33255D57-FD40-4819-B2EC-9FB23EED3E66}.Release|x64.ActiveCfg = Release|Any CPU
		{33255D57-FD40-4819-B2EC-9FB23EED3E66}.Release|x64.Build.0 = Release|Any CPU
		{33255D57-FD40-4819-B2EC-9FB23EED3E66}.Release|x64.Deploy.0 = Release|Any CPU
		{33255D57-FD40-4819-B2EC-9FB23EED3E66}.Release|x86.ActiveCfg = Release|x86
		{33255D57-FD40-4819-B2EC-9FB23EED3E66}.Release|x86.Build.0 = Release|x86
		{33255D57-FD40-4819-B2EC-9FB23EED3E66}.Release|x86.Deploy.0 = Release|x86
		{5198F367-DD06-4485-8EFB-E78CF515972E}.Ad-Hoc|Any CPU.ActiveCfg = Release|x86
		{5198F367-DD06-4485-8EFB-E78CF515972E}.Ad-Hoc|Any CPU.Build.0 = Release|x86
		{5198F367-DD06-4485-8EFB-E78CF515972E}.Ad-Hoc|Any CPU.Deploy.0 = Release|x86
		{5198F367-DD06-4485-8EFB-E78CF515972E}.Ad-Hoc|ARM.ActiveCfg = Release|ARM
		{5198F367-DD06-4485-8EFB-E78CF515972E}.Ad-Hoc|ARM.Build.0 = Release|ARM
		{5198F367-DD06-4485-8EFB-E78CF515972E}.Ad-Hoc|ARM.Deploy.0 = Release|ARM
		{5198F367-DD06-4485-8EFB-E78CF515972E}.Ad-Hoc|iPhone.ActiveCfg = Release|x86
		{5198F367-DD06-4485-8EFB-E78CF515972E}.Ad-Hoc|iPhone.Build.0 = Release|x86
		{5198F367-DD06-4485-8EFB-E78CF515972E}.Ad-Hoc|iPhone.Deploy.0 = Release|x86
		{5198F367-DD06-4485-8EFB-E78CF515972E}.Ad-Hoc|iPhoneSimulator.ActiveCfg = Release|x86
		{5198F367-DD06-4485-8EFB-E78CF515972E}.Ad-Hoc|iPhoneSimulator.Build.0 = Release|x86
		{5198F367-DD06-4485-8EFB-E78CF515972E}.Ad-Hoc|iPhoneSimulator.Deploy.0 = Release|x86
		{5198F367-DD06-4485-8EFB-E78CF515972E}.Ad-Hoc|x64.ActiveCfg = Release|x64
		{5198F367-DD06-4485-8EFB-E78CF515972E}.Ad-Hoc|x64.Build.0 = Release|x64
		{5198F367-DD06-4485-8EFB-E78CF515972E}.Ad-Hoc|x64.Deploy.0 = Release|x64
		{5198F367-DD06-4485-8EFB-E78CF515972E}.Ad-Hoc|x86.ActiveCfg = Release|x86
		{5198F367-DD06-4485-8EFB-E78CF515972E}.Ad-Hoc|x86.Build.0 = Release|x86
		{5198F367-DD06-4485-8EFB-E78CF515972E}.Ad-Hoc|x86.Deploy.0 = Release|x86
		{5198F367-DD06-4485-8EFB-E78CF515972E}.AppStore|Any CPU.ActiveCfg = Release|x86
		{5198F367-DD06-4485-8EFB-E78CF515972E}.AppStore|Any CPU.Build.0 = Release|x86
		{5198F367-DD06-4485-8EFB-E78CF515972E}.AppStore|Any CPU.Deploy.0 = Release|x86
		{5198F367-DD06-4485-8EFB-E78CF515972E}.AppStore|ARM.ActiveCfg = Release|ARM
		{5198F367-DD06-4485-8EFB-E78CF515972E}.AppStore|ARM.Build.0 = Release|ARM
		{5198F367-DD06-4485-8EFB-E78CF515972E}.AppStore|ARM.Deploy.0 = Release|ARM
		{5198F367-DD06-4485-8EFB-E78CF515972E}.AppStore|iPhone.ActiveCfg = Release|x86
		{5198F367-DD06-4485-8EFB-E78CF515972E}.AppStore|iPhone.Build.0 = Release|x86
		{5198F367-DD06-4485-8EFB-E78CF515972E}.AppStore|iPhone.Deploy.0 = Release|x86
		{5198F367-DD06-4485-8EFB-E78CF515972E}.AppStore|iPhoneSimulator.ActiveCfg = Release|x86
		{5198F367-DD06-4485-8EFB-E78CF515972E}.AppStore|iPhoneSimulator.Build.0 = Release|x86
		{5198F367-DD06-4485-8EFB-E78CF515972E}.AppStore|iPhoneSimulator.Deploy.0 = Release|x86
		{5198F367-DD06-4485-8EFB-E78CF515972E}.AppStore|x64.ActiveCfg = Release|x64
		{5198F367-DD06-4485-8EFB-E78CF515972E}.AppStore|x64.Build.0 = Release|x64
		{5198F367-DD06-4485-8EFB-E78CF515972E}.AppStore|x64.Deploy.0 = Release|x64
		{5198F367-DD06-4485-8EFB-E78CF515972E}.AppStore|x86.ActiveCfg = Release|x86
		{5198F367-DD06-4485-8EFB-E78CF515972E}.AppStore|x86.Build.0 = Release|x86
		{5198F367-DD06-4485-8EFB-E78CF515972E}.AppStore|x86.Deploy.0 = Release|x86
		{5198F367-DD06-4485-8EFB-E78CF515972E}.Debug|Any CPU.ActiveCfg = Debug|x86
		{5198F367-DD06-4485-8EFB-E78CF515972E}.Debug|ARM.ActiveCfg = Debug|ARM
		{5198F367-DD06-4485-8EFB-E78CF515972E}.Debug|ARM.Build.0 = Debug|ARM
		{5198F367-DD06-4485-8EFB-E78CF515972E}.Debug|ARM.Deploy.0 = Debug|ARM
		{5198F367-DD06-4485-8EFB-E78CF515972E}.Debug|iPhone.ActiveCfg = Debug|x86
		{5198F367-DD06-4485-8EFB-E78CF515972E}.Debug|iPhoneSimulator.ActiveCfg = Debug|x86
		{5198F367-DD06-4485-8EFB-E78CF515972E}.Debug|x64.ActiveCfg = Debug|x64
		{5198F367-DD06-4485-8EFB-E78CF515972E}.Debug|x64.Build.0 = Debug|x64
		{5198F367-DD06-4485-8EFB-E78CF515972E}.Debug|x64.Deploy.0 = Debug|x64
		{5198F367-DD06-4485-8EFB-E78CF515972E}.Debug|x86.ActiveCfg = Debug|x86
		{5198F367-DD06-4485-8EFB-E78CF515972E}.Debug|x86.Build.0 = Debug|x86
		{5198F367-DD06-4485-8EFB-E78CF515972E}.Debug|x86.Deploy.0 = Debug|x86
		{5198F367-DD06-4485-8EFB-E78CF515972E}.Release|Any CPU.ActiveCfg = Release|x86
		{5198F367-DD06-4485-8EFB-E78CF515972E}.Release|ARM.ActiveCfg = Release|ARM
		{5198F367-DD06-4485-8EFB-E78CF515972E}.Release|ARM.Build.0 = Release|ARM
		{5198F367-DD06-4485-8EFB-E78CF515972E}.Release|ARM.Deploy.0 = Release|ARM
		{5198F367-DD06-4485-8EFB-E78CF515972E}.Release|iPhone.ActiveCfg = Release|x86
		{5198F367-DD06-4485-8EFB-E78CF515972E}.Release|iPhoneSimulator.ActiveCfg = Release|x86
		{5198F367-DD06-4485-8EFB-E78CF515972E}.Release|x64.ActiveCfg = Release|x64
		{5198F367-DD06-4485-8EFB-E78CF515972E}.Release|x64.Build.0 = Release|x64
		{5198F367-DD06-4485-8EFB-E78CF515972E}.Release|x64.Deploy.0 = Release|x64
		{5198F367-DD06-4485-8EFB-E78CF515972E}.Release|x86.ActiveCfg = Release|x86
		{5198F367-DD06-4485-8EFB-E78CF515972E}.Release|x86.Build.0 = Release|x86
		{5198F367-DD06-4485-8EFB-E78CF515972E}.Release|x86.Deploy.0 = Release|x86
		{BC6439FD-99BA-408D-BA8E-853C5A9506EE}.Ad-Hoc|Any CPU.ActiveCfg = Release|Any CPU
		{BC6439FD-99BA-408D-BA8E-853C5A9506EE}.Ad-Hoc|Any CPU.Build.0 = Release|Any CPU
		{BC6439FD-99BA-408D-BA8E-853C5A9506EE}.Ad-Hoc|Any CPU.Deploy.0 = Release|Any CPU
		{BC6439FD-99BA-408D-BA8E-853C5A9506EE}.Ad-Hoc|ARM.ActiveCfg = Release|ARM
		{BC6439FD-99BA-408D-BA8E-853C5A9506EE}.Ad-Hoc|ARM.Build.0 = Release|ARM
		{BC6439FD-99BA-408D-BA8E-853C5A9506EE}.Ad-Hoc|ARM.Deploy.0 = Release|ARM
		{BC6439FD-99BA-408D-BA8E-853C5A9506EE}.Ad-Hoc|iPhone.ActiveCfg = Release|Any CPU
		{BC6439FD-99BA-408D-BA8E-853C5A9506EE}.Ad-Hoc|iPhone.Build.0 = Release|Any CPU
		{BC6439FD-99BA-408D-BA8E-853C5A9506EE}.Ad-Hoc|iPhone.Deploy.0 = Release|Any CPU
		{BC6439FD-99BA-408D-BA8E-853C5A9506EE}.Ad-Hoc|iPhoneSimulator.ActiveCfg = Release|Any CPU
		{BC6439FD-99BA-408D-BA8E-853C5A9506EE}.Ad-Hoc|iPhoneSimulator.Build.0 = Release|Any CPU
		{BC6439FD-99BA-408D-BA8E-853C5A9506EE}.Ad-Hoc|iPhoneSimulator.Deploy.0 = Release|Any CPU
		{BC6439FD-99BA-408D-BA8E-853C5A9506EE}.Ad-Hoc|x64.ActiveCfg = Release|x64
		{BC6439FD-99BA-408D-BA8E-853C5A9506EE}.Ad-Hoc|x64.Build.0 = Release|x64
		{BC6439FD-99BA-408D-BA8E-853C5A9506EE}.Ad-Hoc|x64.Deploy.0 = Release|x64
		{BC6439FD-99BA-408D-BA8E-853C5A9506EE}.Ad-Hoc|x86.ActiveCfg = Release|x86
		{BC6439FD-99BA-408D-BA8E-853C5A9506EE}.Ad-Hoc|x86.Build.0 = Release|x86
		{BC6439FD-99BA-408D-BA8E-853C5A9506EE}.Ad-Hoc|x86.Deploy.0 = Release|x86
		{BC6439FD-99BA-408D-BA8E-853C5A9506EE}.AppStore|Any CPU.ActiveCfg = Release|Any CPU
		{BC6439FD-99BA-408D-BA8E-853C5A9506EE}.AppStore|Any CPU.Build.0 = Release|Any CPU
		{BC6439FD-99BA-408D-BA8E-853C5A9506EE}.AppStore|Any CPU.Deploy.0 = Release|Any CPU
		{BC6439FD-99BA-408D-BA8E-853C5A9506EE}.AppStore|ARM.ActiveCfg = Release|ARM
		{BC6439FD-99BA-408D-BA8E-853C5A9506EE}.AppStore|ARM.Build.0 = Release|ARM
		{BC6439FD-99BA-408D-BA8E-853C5A9506EE}.AppStore|ARM.Deploy.0 = Release|ARM
		{BC6439FD-99BA-408D-BA8E-853C5A9506EE}.AppStore|iPhone.ActiveCfg = Release|Any CPU
		{BC6439FD-99BA-408D-BA8E-853C5A9506EE}.AppStore|iPhone.Build.0 = Release|Any CPU
		{BC6439FD-99BA-408D-BA8E-853C5A9506EE}.AppStore|iPhone.Deploy.0 = Release|Any CPU
		{BC6439FD-99BA-408D-BA8E-853C5A9506EE}.AppStore|iPhoneSimulator.ActiveCfg = Release|Any CPU
		{BC6439FD-99BA-408D-BA8E-853C5A9506EE}.AppStore|iPhoneSimulator.Build.0 = Release|Any CPU
		{BC6439FD-99BA-408D-BA8E-853C5A9506EE}.AppStore|iPhoneSimulator.Deploy.0 = Release|Any CPU
		{BC6439FD-99BA-408D-BA8E-853C5A9506EE}.AppStore|x64.ActiveCfg = Release|x64
		{BC6439FD-99BA-408D-BA8E-853C5A9506EE}.AppStore|x64.Build.0 = Release|x64
		{BC6439FD-99BA-408D-BA8E-853C5A9506EE}.AppStore|x64.Deploy.0 = Release|x64
		{BC6439FD-99BA-408D-BA8E-853C5A9506EE}.AppStore|x86.ActiveCfg = Release|x86
		{BC6439FD-99BA-408D-BA8E-853C5A9506EE}.AppStore|x86.Build.0 = Release|x86
		{BC6439FD-99BA-408D-BA8E-853C5A9506EE}.AppStore|x86.Deploy.0 = Release|x86
		{BC6439FD-99BA-408D-BA8E-853C5A9506EE}.Debug|Any CPU.ActiveCfg = Debug|Any CPU
		{BC6439FD-99BA-408D-BA8E-853C5A9506EE}.Debug|Any CPU.Build.0 = Debug|Any CPU
		{BC6439FD-99BA-408D-BA8E-853C5A9506EE}.Debug|Any CPU.Deploy.0 = Debug|Any CPU
		{BC6439FD-99BA-408D-BA8E-853C5A9506EE}.Debug|ARM.ActiveCfg = Debug|ARM
		{BC6439FD-99BA-408D-BA8E-853C5A9506EE}.Debug|ARM.Build.0 = Debug|ARM
		{BC6439FD-99BA-408D-BA8E-853C5A9506EE}.Debug|ARM.Deploy.0 = Debug|ARM
		{BC6439FD-99BA-408D-BA8E-853C5A9506EE}.Debug|iPhone.ActiveCfg = Debug|Any CPU
		{BC6439FD-99BA-408D-BA8E-853C5A9506EE}.Debug|iPhone.Build.0 = Debug|Any CPU
		{BC6439FD-99BA-408D-BA8E-853C5A9506EE}.Debug|iPhone.Deploy.0 = Debug|Any CPU
		{BC6439FD-99BA-408D-BA8E-853C5A9506EE}.Debug|iPhoneSimulator.ActiveCfg = Debug|Any CPU
		{BC6439FD-99BA-408D-BA8E-853C5A9506EE}.Debug|iPhoneSimulator.Build.0 = Debug|Any CPU
		{BC6439FD-99BA-408D-BA8E-853C5A9506EE}.Debug|iPhoneSimulator.Deploy.0 = Debug|Any CPU
		{BC6439FD-99BA-408D-BA8E-853C5A9506EE}.Debug|x64.ActiveCfg = Debug|x64
		{BC6439FD-99BA-408D-BA8E-853C5A9506EE}.Debug|x64.Build.0 = Debug|x64
		{BC6439FD-99BA-408D-BA8E-853C5A9506EE}.Debug|x64.Deploy.0 = Debug|x64
		{BC6439FD-99BA-408D-BA8E-853C5A9506EE}.Debug|x86.ActiveCfg = Debug|x86
		{BC6439FD-99BA-408D-BA8E-853C5A9506EE}.Debug|x86.Build.0 = Debug|x86
		{BC6439FD-99BA-408D-BA8E-853C5A9506EE}.Debug|x86.Deploy.0 = Debug|x86
		{BC6439FD-99BA-408D-BA8E-853C5A9506EE}.Release|Any CPU.ActiveCfg = Release|Any CPU
		{BC6439FD-99BA-408D-BA8E-853C5A9506EE}.Release|Any CPU.Build.0 = Release|Any CPU
		{BC6439FD-99BA-408D-BA8E-853C5A9506EE}.Release|Any CPU.Deploy.0 = Release|Any CPU
		{BC6439FD-99BA-408D-BA8E-853C5A9506EE}.Release|ARM.ActiveCfg = Release|ARM
		{BC6439FD-99BA-408D-BA8E-853C5A9506EE}.Release|ARM.Build.0 = Release|ARM
		{BC6439FD-99BA-408D-BA8E-853C5A9506EE}.Release|ARM.Deploy.0 = Release|ARM
		{BC6439FD-99BA-408D-BA8E-853C5A9506EE}.Release|iPhone.ActiveCfg = Release|Any CPU
		{BC6439FD-99BA-408D-BA8E-853C5A9506EE}.Release|iPhone.Build.0 = Release|Any CPU
		{BC6439FD-99BA-408D-BA8E-853C5A9506EE}.Release|iPhone.Deploy.0 = Release|Any CPU
		{BC6439FD-99BA-408D-BA8E-853C5A9506EE}.Release|iPhoneSimulator.ActiveCfg = Release|Any CPU
		{BC6439FD-99BA-408D-BA8E-853C5A9506EE}.Release|iPhoneSimulator.Build.0 = Release|Any CPU
		{BC6439FD-99BA-408D-BA8E-853C5A9506EE}.Release|iPhoneSimulator.Deploy.0 = Release|Any CPU
		{BC6439FD-99BA-408D-BA8E-853C5A9506EE}.Release|x64.ActiveCfg = Release|x64
		{BC6439FD-99BA-408D-BA8E-853C5A9506EE}.Release|x64.Build.0 = Release|x64
		{BC6439FD-99BA-408D-BA8E-853C5A9506EE}.Release|x64.Deploy.0 = Release|x64
		{BC6439FD-99BA-408D-BA8E-853C5A9506EE}.Release|x86.ActiveCfg = Release|x86
		{BC6439FD-99BA-408D-BA8E-853C5A9506EE}.Release|x86.Build.0 = Release|x86
		{BC6439FD-99BA-408D-BA8E-853C5A9506EE}.Release|x86.Deploy.0 = Release|x86
	EndGlobalSection
	GlobalSection(SolutionProperties) = preSolution
		HideSolutionNode = FALSE
	EndGlobalSection
EndGlobal
